
Microsoft Visual Studio Solution File, Format Version 12.00
# Visual Studio Version 17
VisualStudioVersion = 17.9.34902.65
MinimumVisualStudioVersion = 10.0.40219.1
Project("{FAE04EC0-301F-11D3-BF4B-00C04F79EFBC}") = "Datos", "Datos\Datos.csproj", "{9386B22E-A270-4DF3-8E7C-D9F490F23450}"
EndProject
Project("{FAE04EC0-301F-11D3-BF4B-00C04F79EFBC}") = "Negocio", "Negocio\Negocio.csproj", "{34001196-DF87-4CE9-974A-607128E8E617}"
EndProject
Project("{FAE04EC0-301F-11D3-BF4B-00C04F79EFBC}") = "Presentacion", "Presentacion\Presentacion.csproj", "{C0C51A42-0249-483B-B4EC-136C06358E4D}"
EndProject
Global
	GlobalSection(SolutionConfigurationPlatforms) = preSolution
		Debug|Any CPU = Debug|Any CPU
		Release|Any CPU = Release|Any CPU
	EndGlobalSection
	GlobalSection(ProjectConfigurationPlatforms) = postSolution
		{9386B22E-A270-4DF3-8E7C-D9F490F23450}.Debug|Any CPU.ActiveCfg = Debug|Any CPU
		{9386B22E-A270-4DF3-8E7C-D9F490F23450}.Debug|Any CPU.Build.0 = Debug|Any CPU
		{9386B22E-A270-4DF3-8E7C-D9F490F23450}.Release|Any CPU.ActiveCfg = Release|Any CPU
		{9386B22E-A270-4DF3-8E7C-D9F490F23450}.Release|Any CPU.Build.0 = Release|Any CPU
		{34001196-DF87-4CE9-974A-607128E8E617}.Debug|Any CPU.ActiveCfg = Debug|Any CPU
		{34001196-DF87-4CE9-974A-607128E8E617}.Debug|Any CPU.Build.0 = Debug|Any CPU
		{34001196-DF87-4CE9-974A-607128E8E617}.Release|Any CPU.ActiveCfg = Release|Any CPU
		{34001196-DF87-4CE9-974A-607128E8E617}.Release|Any CPU.Build.0 = Release|Any CPU
		{C0C51A42-0249-483B-B4EC-136C06358E4D}.Debug|Any CPU.ActiveCfg = Debug|Any CPU
		{C0C51A42-0249-483B-B4EC-136C06358E4D}.Debug|Any CPU.Build.0 = Debug|Any CPU
		{C0C51A42-0249-483B-B4EC-136C06358E4D}.Release|Any CPU.ActiveCfg = Release|Any CPU
		{C0C51A42-0249-483B-B4EC-136C06358E4D}.Release|Any CPU.Build.0 = Release|Any CPU
	EndGlobalSection
	GlobalSection(SolutionProperties) = preSolution
		HideSolutionNode = FALSE
	EndGlobalSection
	GlobalSection(ExtensibilityGlobals) = postSolution
		SolutionGuid = {1B8FF730-74EC-46AC-8505-5729A7FF3A46}
	EndGlobalSection
EndGlobal
